
Microsoft Visual Studio Solution File, Format Version 12.00
# Visual Studio Version 17
Project("{8BC9CEB8-8B4A-11D0-8D11-00A0C91BC942}") = "ALL_BUILD", "ALL_BUILD.vcxproj", "{45E9D72E-BA5D-3B78-991F-CC96AFBDEBD5}"
	ProjectSection(ProjectDependencies) = postProject
		{2E670E8A-1AC3-346D-891C-41655B3628B0} = {2E670E8A-1AC3-346D-891C-41655B3628B0}
		{29FA24F3-0B68-3137-831F-112ED4035A28} = {29FA24F3-0B68-3137-831F-112ED4035A28}
	EndProjectSection
EndProject
Project("{8BC9CEB8-8B4A-11D0-8D11-00A0C91BC942}") = "ZERO_CHECK", "ZERO_CHECK.vcxproj", "{2E670E8A-1AC3-346D-891C-41655B3628B0}"
	ProjectSection(ProjectDependencies) = postProject
	EndProjectSection
EndProject
Project("{8BC9CEB8-8B4A-11D0-8D11-00A0C91BC942}") = "vms-mosaic", "vms-mosaic.vcxproj", "{29FA24F3-0B68-3137-831F-112ED4035A28}"
	ProjectSection(ProjectDependencies) = postProject
		{2E670E8A-1AC3-346D-891C-41655B3628B0} = {2E670E8A-1AC3-346D-891C-41655B3628B0}
	EndProjectSection
EndProject
Global
	GlobalSection(SolutionConfigurationPlatforms) = preSolution
		Debug|x64 = Debug|x64
		Release|x64 = Release|x64
		MinSizeRel|x64 = MinSizeRel|x64
		RelWithDebInfo|x64 = RelWithDebInfo|x64
	EndGlobalSection
	GlobalSection(ProjectConfigurationPlatforms) = postSolution
		{45E9D72E-BA5D-3B78-991F-CC96AFBDEBD5}.Debug|x64.ActiveCfg = Debug|x64
		{45E9D72E-BA5D-3B78-991F-CC96AFBDEBD5}.Release|x64.ActiveCfg = Release|x64
		{45E9D72E-BA5D-3B78-991F-CC96AFBDEBD5}.MinSizeRel|x64.ActiveCfg = MinSizeRel|x64
		{45E9D72E-BA5D-3B78-991F-CC96AFBDEBD5}.RelWithDebInfo|x64.ActiveCfg = RelWithDebInfo|x64
		{2E670E8A-1AC3-346D-891C-41655B3628B0}.Debug|x64.ActiveCfg = Debug|x64
		{2E670E8A-1AC3-346D-891C-41655B3628B0}.Debug|x64.Build.0 = Debug|x64
		{2E670E8A-1AC3-346D-891C-41655B3628B0}.Release|x64.ActiveCfg = Release|x64
		{2E670E8A-1AC3-346D-891C-41655B3628B0}.Release|x64.Build.0 = Release|x64
		{2E670E8A-1AC3-346D-891C-41655B3628B0}.MinSizeRel|x64.ActiveCfg = MinSizeRel|x64
		{2E670E8A-1AC3-346D-891C-41655B3628B0}.MinSizeRel|x64.Build.0 = MinSizeRel|x64
		{2E670E8A-1AC3-346D-891C-41655B3628B0}.RelWithDebInfo|x64.ActiveCfg = RelWithDebInfo|x64
		{2E670E8A-1AC3-346D-891C-41655B3628B0}.RelWithDebInfo|x64.Build.0 = RelWithDebInfo|x64
		{29FA24F3-0B68-3137-831F-112ED4035A28}.Debug|x64.ActiveCfg = Debug|x64
		{29FA24F3-0B68-3137-831F-112ED4035A28}.Debug|x64.Build.0 = Debug|x64
		{29FA24F3-0B68-3137-831F-112ED4035A28}.Release|x64.ActiveCfg = Release|x64
		{29FA24F3-0B68-3137-831F-112ED4035A28}.Release|x64.Build.0 = Release|x64
		{29FA24F3-0B68-3137-831F-112ED4035A28}.MinSizeRel|x64.ActiveCfg = MinSizeRel|x64
		{29FA24F3-0B68-3137-831F-112ED4035A28}.MinSizeRel|x64.Build.0 = MinSizeRel|x64
		{29FA24F3-0B68-3137-831F-112ED4035A28}.RelWithDebInfo|x64.ActiveCfg = RelWithDebInfo|x64
		{29FA24F3-0B68-3137-831F-112ED4035A28}.RelWithDebInfo|x64.Build.0 = RelWithDebInfo|x64
	EndGlobalSection
	GlobalSection(ExtensibilityGlobals) = postSolution
		SolutionGuid = {E68B63CD-2250-3564-8729-AC0821F6458A}
	EndGlobalSection
	GlobalSection(ExtensibilityAddIns) = postSolution
	EndGlobalSection
EndGlobal
